
Microsoft Visual Studio Solution File, Format Version 11.00
# Visual Studio 2010
Project("{FAE04EC0-301F-11D3-BF4B-00C04F79EFBC}") = "Sample", "Sample.csproj", "{9be82190-d25d-45c4-aa32-6af99c8bd16d}"
EndProject
Global
	GlobalSection(SolutionConfigurationPlatforms) = preSolution
		Debug|Any CPU = Debug|Any CPU
		Release|Any CPU = Release|Any CPU
	EndGlobalSection
	GlobalSection(ProjectConfigurationPlatforms) = postSolution
		{9be82190-d25d-45c4-aa32-6af99c8bd16d}.Debug|Any CPU.ActiveCfg = Debug|Any CPU
		{9be82190-d25d-45c4-aa32-6af99c8bd16d}.Debug|Any CPU.Build.0 = Debug|Any CPU
		{9be82190-d25d-45c4-aa32-6af99c8bd16d}.Release|Any CPU.ActiveCfg = Release|Any CPU
		{9be82190-d25d-45c4-aa32-6af99c8bd16d}.Release|Any CPU.Build.0 = Release|Any CPU
		{D8830D3D-13F5-423F-9E98-54E9CE215430}.Debug|Any CPU.ActiveCfg = Debug|Any CPU
		{D8830D3D-13F5-423F-9E98-54E9CE215430}.Debug|Any CPU.Build.0 = Debug|Any CPU
		{D8830D3D-13F5-423F-9E98-54E9CE215430}.Release|Any CPU.ActiveCfg = Release|Any CPU
		{D8830D3D-13F5-423F-9E98-54E9CE215430}.Release|Any CPU.Build.0 = Release|Any CPU
	EndGlobalSection
	GlobalSection(MonoDevelopProperties) = preSolution
		StartupItem = Sample.csproj
	EndGlobalSection
EndGlobal
