
Microsoft Visual Studio Solution File, Format Version 12.00
# Visual Studio 14
VisualStudioVersion = 14.0.25420.1
MinimumVisualStudioVersion = 10.0.40219.1
Project("{FAE04EC0-301F-11D3-BF4B-00C04F79EFBC}") = "JumpStreetMobile.Droid", "Droid\JumpStreetMobile.Droid.csproj", "{8EBB17C5-5B87-466B-99BE-709C04F71BC8}"
EndProject
Project("{FAE04EC0-301F-11D3-BF4B-00C04F79EFBC}") = "JumpStreetMobile.iOS", "iOS\JumpStreetMobile.iOS.csproj", "{B095DC2E-19D7-4852-9450-6774808B626E}"
EndProject
Project("{D954291E-2A0B-460D-934E-DC6B0785DB48}") = "JumpStreetMobile.Shared", "JumpStreetMobile.Shared\JumpStreetMobile.Shared.shproj", "{E651C0CB-F5FB-4257-9289-EF45F3C1A02C}"
EndProject
Project("{D954291E-2A0B-460D-934E-DC6B0785DB48}") = "JumpStreetMobile.XForms", "JumpStreetMobile.XForms\JumpStreetMobile.XForms.shproj", "{1DFFFD59-6B32-4937-BFDE-1E10C11D22C3}"
EndProject
Project("{FAE04EC0-301F-11D3-BF4B-00C04F79EFBC}") = "JumpStreetMobileService", "JumpStreetMobileService\JumpStreetMobileService.csproj", "{4D2348EA-44AA-479F-80FB-EF67D64F4F3A}"
EndProject
Project("{FAE04EC0-301F-11D3-BF4B-00C04F79EFBC}") = "JumpStreetMobile.WinApp", "WinApp\JumpStreetMobile.WinApp.csproj", "{0A7800A3-784F-4822-8956-7BAC2C4D194E}"
EndProject
Project("{FAE04EC0-301F-11D3-BF4B-00C04F79EFBC}") = "JumpStreetMobile.WinPhone81", "WinPhone81\JumpStreetMobile.WinPhone81.csproj", "{6B0A711C-8401-4240-BA08-A8198EFC271E}"
EndProject
Project("{2150E333-8FDC-42A3-9474-1A3956D46DE8}") = "Solution Items", "Solution Items", "{1776A93F-0589-475D-A199-6A4387F26B15}"
	ProjectSection(SolutionItems) = preProject
		.gitattributes = .gitattributes
		.gitignore = .gitignore
		LICENSE = LICENSE
		pw-templateinfo.ps1 = pw-templateinfo.ps1
		README.md = README.md
	EndProjectSection
EndProject
Project("{151D2E53-A2C4-4D7D-83FE-D05416EBD58E}") = "JumpStreetMobile.ARM", "JumpStreetMobile.ARM\JumpStreetMobile.ARM.deployproj", "{68D82A27-F8EA-4550-9AC7-766CC4CA164E}"
EndProject
Global
	GlobalSection(SharedMSBuildProjectFiles) = preSolution
		JumpStreetMobile.Shared\JumpStreetMobile.Shared.projitems*{0a7800a3-784f-4822-8956-7bac2c4d194e}*SharedItemsImports = 4
		JumpStreetMobile.XForms\JumpStreetMobile.XForms.projitems*{0a7800a3-784f-4822-8956-7bac2c4d194e}*SharedItemsImports = 4
		JumpStreetMobile.XForms\JumpStreetMobile.XForms.projitems*{1dfffd59-6b32-4937-bfde-1e10c11d22c3}*SharedItemsImports = 13
		JumpStreetMobile.Shared\JumpStreetMobile.Shared.projitems*{6b0a711c-8401-4240-ba08-a8198efc271e}*SharedItemsImports = 4
		JumpStreetMobile.XForms\JumpStreetMobile.XForms.projitems*{6b0a711c-8401-4240-ba08-a8198efc271e}*SharedItemsImports = 4
		JumpStreetMobile.Shared\JumpStreetMobile.Shared.projitems*{8ebb17c5-5b87-466b-99be-709c04f71bc8}*SharedItemsImports = 4
		JumpStreetMobile.XForms\JumpStreetMobile.XForms.projitems*{8ebb17c5-5b87-466b-99be-709c04f71bc8}*SharedItemsImports = 4
		JumpStreetMobile.Shared\JumpStreetMobile.Shared.projitems*{b095dc2e-19d7-4852-9450-6774808b626e}*SharedItemsImports = 4
		JumpStreetMobile.XForms\JumpStreetMobile.XForms.projitems*{b095dc2e-19d7-4852-9450-6774808b626e}*SharedItemsImports = 4
		JumpStreetMobile.Shared\JumpStreetMobile.Shared.projitems*{e651c0cb-f5fb-4257-9289-ef45f3c1a02c}*SharedItemsImports = 13
	EndGlobalSection
	GlobalSection(SolutionConfigurationPlatforms) = preSolution
		AppStore|Any CPU = AppStore|Any CPU
		AppStore|ARM = AppStore|ARM
		AppStore|iPhone = AppStore|iPhone
		AppStore|iPhoneSimulator = AppStore|iPhoneSimulator
		AppStore|x64 = AppStore|x64
		AppStore|x86 = AppStore|x86
		Debug|Any CPU = Debug|Any CPU
		Debug|ARM = Debug|ARM
		Debug|iPhone = Debug|iPhone
		Debug|iPhoneSimulator = Debug|iPhoneSimulator
		Debug|x64 = Debug|x64
		Debug|x86 = Debug|x86
		Release|Any CPU = Release|Any CPU
		Release|ARM = Release|ARM
		Release|iPhone = Release|iPhone
		Release|iPhoneSimulator = Release|iPhoneSimulator
		Release|x64 = Release|x64
		Release|x86 = Release|x86
	EndGlobalSection
	GlobalSection(ProjectConfigurationPlatforms) = postSolution
		{8EBB17C5-5B87-466B-99BE-709C04F71BC8}.AppStore|Any CPU.ActiveCfg = Release|Any CPU
		{8EBB17C5-5B87-466B-99BE-709C04F71BC8}.AppStore|Any CPU.Build.0 = Release|Any CPU
		{8EBB17C5-5B87-466B-99BE-709C04F71BC8}.AppStore|Any CPU.Deploy.0 = Release|Any CPU
		{8EBB17C5-5B87-466B-99BE-709C04F71BC8}.AppStore|ARM.ActiveCfg = Release|Any CPU
		{8EBB17C5-5B87-466B-99BE-709C04F71BC8}.AppStore|ARM.Build.0 = Release|Any CPU
		{8EBB17C5-5B87-466B-99BE-709C04F71BC8}.AppStore|ARM.Deploy.0 = Release|Any CPU
		{8EBB17C5-5B87-466B-99BE-709C04F71BC8}.AppStore|iPhone.ActiveCfg = Release|Any CPU
		{8EBB17C5-5B87-466B-99BE-709C04F71BC8}.AppStore|iPhone.Build.0 = Release|Any CPU
		{8EBB17C5-5B87-466B-99BE-709C04F71BC8}.AppStore|iPhone.Deploy.0 = Release|Any CPU
		{8EBB17C5-5B87-466B-99BE-709C04F71BC8}.AppStore|iPhoneSimulator.ActiveCfg = Release|Any CPU
		{8EBB17C5-5B87-466B-99BE-709C04F71BC8}.AppStore|iPhoneSimulator.Build.0 = Release|Any CPU
		{8EBB17C5-5B87-466B-99BE-709C04F71BC8}.AppStore|iPhoneSimulator.Deploy.0 = Release|Any CPU
		{8EBB17C5-5B87-466B-99BE-709C04F71BC8}.AppStore|x64.ActiveCfg = Release|Any CPU
		{8EBB17C5-5B87-466B-99BE-709C04F71BC8}.AppStore|x64.Build.0 = Release|Any CPU
		{8EBB17C5-5B87-466B-99BE-709C04F71BC8}.AppStore|x64.Deploy.0 = Release|Any CPU
		{8EBB17C5-5B87-466B-99BE-709C04F71BC8}.AppStore|x86.ActiveCfg = Release|Any CPU
		{8EBB17C5-5B87-466B-99BE-709C04F71BC8}.AppStore|x86.Build.0 = Release|Any CPU
		{8EBB17C5-5B87-466B-99BE-709C04F71BC8}.AppStore|x86.Deploy.0 = Release|Any CPU
		{8EBB17C5-5B87-466B-99BE-709C04F71BC8}.Debug|Any CPU.ActiveCfg = Debug|Any CPU
		{8EBB17C5-5B87-466B-99BE-709C04F71BC8}.Debug|Any CPU.Build.0 = Debug|Any CPU
		{8EBB17C5-5B87-466B-99BE-709C04F71BC8}.Debug|Any CPU.Deploy.0 = Debug|Any CPU
		{8EBB17C5-5B87-466B-99BE-709C04F71BC8}.Debug|ARM.ActiveCfg = Debug|Any CPU
		{8EBB17C5-5B87-466B-99BE-709C04F71BC8}.Debug|ARM.Build.0 = Debug|Any CPU
		{8EBB17C5-5B87-466B-99BE-709C04F71BC8}.Debug|ARM.Deploy.0 = Debug|Any CPU
		{8EBB17C5-5B87-466B-99BE-709C04F71BC8}.Debug|iPhone.ActiveCfg = Debug|Any CPU
		{8EBB17C5-5B87-466B-99BE-709C04F71BC8}.Debug|iPhoneSimulator.ActiveCfg = Debug|Any CPU
		{8EBB17C5-5B87-466B-99BE-709C04F71BC8}.Debug|x64.ActiveCfg = Debug|Any CPU
		{8EBB17C5-5B87-466B-99BE-709C04F71BC8}.Debug|x64.Build.0 = Debug|Any CPU
		{8EBB17C5-5B87-466B-99BE-709C04F71BC8}.Debug|x64.Deploy.0 = Debug|Any CPU
		{8EBB17C5-5B87-466B-99BE-709C04F71BC8}.Debug|x86.ActiveCfg = Debug|Any CPU
		{8EBB17C5-5B87-466B-99BE-709C04F71BC8}.Debug|x86.Build.0 = Debug|Any CPU
		{8EBB17C5-5B87-466B-99BE-709C04F71BC8}.Debug|x86.Deploy.0 = Debug|Any CPU
		{8EBB17C5-5B87-466B-99BE-709C04F71BC8}.Release|Any CPU.ActiveCfg = Release|Any CPU
		{8EBB17C5-5B87-466B-99BE-709C04F71BC8}.Release|Any CPU.Build.0 = Release|Any CPU
		{8EBB17C5-5B87-466B-99BE-709C04F71BC8}.Release|Any CPU.Deploy.0 = Release|Any CPU
		{8EBB17C5-5B87-466B-99BE-709C04F71BC8}.Release|ARM.ActiveCfg = Release|Any CPU
		{8EBB17C5-5B87-466B-99BE-709C04F71BC8}.Release|ARM.Build.0 = Release|Any CPU
		{8EBB17C5-5B87-466B-99BE-709C04F71BC8}.Release|ARM.Deploy.0 = Release|Any CPU
		{8EBB17C5-5B87-466B-99BE-709C04F71BC8}.Release|iPhone.ActiveCfg = Release|Any CPU
		{8EBB17C5-5B87-466B-99BE-709C04F71BC8}.Release|iPhone.Build.0 = Release|Any CPU
		{8EBB17C5-5B87-466B-99BE-709C04F71BC8}.Release|iPhone.Deploy.0 = Release|Any CPU
		{8EBB17C5-5B87-466B-99BE-709C04F71BC8}.Release|iPhoneSimulator.ActiveCfg = Release|Any CPU
		{8EBB17C5-5B87-466B-99BE-709C04F71BC8}.Release|iPhoneSimulator.Build.0 = Release|Any CPU
		{8EBB17C5-5B87-466B-99BE-709C04F71BC8}.Release|iPhoneSimulator.Deploy.0 = Release|Any CPU
		{8EBB17C5-5B87-466B-99BE-709C04F71BC8}.Release|x64.ActiveCfg = Release|Any CPU
		{8EBB17C5-5B87-466B-99BE-709C04F71BC8}.Release|x64.Build.0 = Release|Any CPU
		{8EBB17C5-5B87-466B-99BE-709C04F71BC8}.Release|x64.Deploy.0 = Release|Any CPU
		{8EBB17C5-5B87-466B-99BE-709C04F71BC8}.Release|x86.ActiveCfg = Release|Any CPU
		{8EBB17C5-5B87-466B-99BE-709C04F71BC8}.Release|x86.Build.0 = Release|Any CPU
		{8EBB17C5-5B87-466B-99BE-709C04F71BC8}.Release|x86.Deploy.0 = Release|Any CPU
		{B095DC2E-19D7-4852-9450-6774808B626E}.AppStore|Any CPU.ActiveCfg = Release|iPhoneSimulator
		{B095DC2E-19D7-4852-9450-6774808B626E}.AppStore|Any CPU.Build.0 = Release|iPhoneSimulator
		{B095DC2E-19D7-4852-9450-6774808B626E}.AppStore|ARM.ActiveCfg = Release|iPhoneSimulator
		{B095DC2E-19D7-4852-9450-6774808B626E}.AppStore|ARM.Build.0 = Release|iPhoneSimulator
		{B095DC2E-19D7-4852-9450-6774808B626E}.AppStore|iPhone.ActiveCfg = Release|iPhone
		{B095DC2E-19D7-4852-9450-6774808B626E}.AppStore|iPhone.Build.0 = Release|iPhone
		{B095DC2E-19D7-4852-9450-6774808B626E}.AppStore|iPhoneSimulator.ActiveCfg = Release|iPhoneSimulator
		{B095DC2E-19D7-4852-9450-6774808B626E}.AppStore|iPhoneSimulator.Build.0 = Release|iPhoneSimulator
		{B095DC2E-19D7-4852-9450-6774808B626E}.AppStore|x64.ActiveCfg = Release|iPhoneSimulator
		{B095DC2E-19D7-4852-9450-6774808B626E}.AppStore|x64.Build.0 = Release|iPhoneSimulator
		{B095DC2E-19D7-4852-9450-6774808B626E}.AppStore|x86.ActiveCfg = Release|iPhoneSimulator
		{B095DC2E-19D7-4852-9450-6774808B626E}.AppStore|x86.Build.0 = Release|iPhoneSimulator
		{B095DC2E-19D7-4852-9450-6774808B626E}.Debug|Any CPU.ActiveCfg = Debug|iPhoneSimulator
		{B095DC2E-19D7-4852-9450-6774808B626E}.Debug|Any CPU.Build.0 = Debug|iPhoneSimulator
		{B095DC2E-19D7-4852-9450-6774808B626E}.Debug|ARM.ActiveCfg = Debug|iPhone
		{B095DC2E-19D7-4852-9450-6774808B626E}.Debug|iPhone.ActiveCfg = Debug|iPhone
		{B095DC2E-19D7-4852-9450-6774808B626E}.Debug|iPhone.Build.0 = Debug|iPhone
		{B095DC2E-19D7-4852-9450-6774808B626E}.Debug|iPhoneSimulator.ActiveCfg = Debug|iPhoneSimulator
		{B095DC2E-19D7-4852-9450-6774808B626E}.Debug|iPhoneSimulator.Build.0 = Debug|iPhoneSimulator
		{B095DC2E-19D7-4852-9450-6774808B626E}.Debug|x64.ActiveCfg = Debug|iPhone
		{B095DC2E-19D7-4852-9450-6774808B626E}.Debug|x86.ActiveCfg = Debug|iPhone
		{B095DC2E-19D7-4852-9450-6774808B626E}.Release|Any CPU.ActiveCfg = Release|iPhone
		{B095DC2E-19D7-4852-9450-6774808B626E}.Release|ARM.ActiveCfg = Release|iPhone
		{B095DC2E-19D7-4852-9450-6774808B626E}.Release|iPhone.ActiveCfg = Release|iPhone
		{B095DC2E-19D7-4852-9450-6774808B626E}.Release|iPhone.Build.0 = Release|iPhone
		{B095DC2E-19D7-4852-9450-6774808B626E}.Release|iPhoneSimulator.ActiveCfg = Release|iPhoneSimulator
		{B095DC2E-19D7-4852-9450-6774808B626E}.Release|iPhoneSimulator.Build.0 = Release|iPhoneSimulator
		{B095DC2E-19D7-4852-9450-6774808B626E}.Release|x64.ActiveCfg = Release|iPhone
		{B095DC2E-19D7-4852-9450-6774808B626E}.Release|x86.ActiveCfg = Release|iPhone
		{4D2348EA-44AA-479F-80FB-EF67D64F4F3A}.AppStore|Any CPU.ActiveCfg = Release|Any CPU
		{4D2348EA-44AA-479F-80FB-EF67D64F4F3A}.AppStore|Any CPU.Build.0 = Release|Any CPU
		{4D2348EA-44AA-479F-80FB-EF67D64F4F3A}.AppStore|ARM.ActiveCfg = Release|Any CPU
		{4D2348EA-44AA-479F-80FB-EF67D64F4F3A}.AppStore|ARM.Build.0 = Release|Any CPU
		{4D2348EA-44AA-479F-80FB-EF67D64F4F3A}.AppStore|iPhone.ActiveCfg = Release|Any CPU
		{4D2348EA-44AA-479F-80FB-EF67D64F4F3A}.AppStore|iPhone.Build.0 = Release|Any CPU
		{4D2348EA-44AA-479F-80FB-EF67D64F4F3A}.AppStore|iPhoneSimulator.ActiveCfg = Release|Any CPU
		{4D2348EA-44AA-479F-80FB-EF67D64F4F3A}.AppStore|iPhoneSimulator.Build.0 = Release|Any CPU
		{4D2348EA-44AA-479F-80FB-EF67D64F4F3A}.AppStore|x64.ActiveCfg = Release|Any CPU
		{4D2348EA-44AA-479F-80FB-EF67D64F4F3A}.AppStore|x64.Build.0 = Release|Any CPU
		{4D2348EA-44AA-479F-80FB-EF67D64F4F3A}.AppStore|x86.ActiveCfg = Release|Any CPU
		{4D2348EA-44AA-479F-80FB-EF67D64F4F3A}.AppStore|x86.Build.0 = Release|Any CPU
		{4D2348EA-44AA-479F-80FB-EF67D64F4F3A}.Debug|Any CPU.ActiveCfg = Debug|Any CPU
		{4D2348EA-44AA-479F-80FB-EF67D64F4F3A}.Debug|Any CPU.Build.0 = Debug|Any CPU
		{4D2348EA-44AA-479F-80FB-EF67D64F4F3A}.Debug|Any CPU.Deploy.0 = Debug|Any CPU
		{4D2348EA-44AA-479F-80FB-EF67D64F4F3A}.Debug|ARM.ActiveCfg = Debug|Any CPU
		{4D2348EA-44AA-479F-80FB-EF67D64F4F3A}.Debug|ARM.Build.0 = Debug|Any CPU
		{4D2348EA-44AA-479F-80FB-EF67D64F4F3A}.Debug|iPhone.ActiveCfg = Debug|Any CPU
		{4D2348EA-44AA-479F-80FB-EF67D64F4F3A}.Debug|iPhone.Build.0 = Debug|Any CPU
		{4D2348EA-44AA-479F-80FB-EF67D64F4F3A}.Debug|iPhoneSimulator.ActiveCfg = Debug|Any CPU
		{4D2348EA-44AA-479F-80FB-EF67D64F4F3A}.Debug|iPhoneSimulator.Build.0 = Debug|Any CPU
		{4D2348EA-44AA-479F-80FB-EF67D64F4F3A}.Debug|x64.ActiveCfg = Debug|Any CPU
		{4D2348EA-44AA-479F-80FB-EF67D64F4F3A}.Debug|x64.Build.0 = Debug|Any CPU
		{4D2348EA-44AA-479F-80FB-EF67D64F4F3A}.Debug|x86.ActiveCfg = Debug|Any CPU
		{4D2348EA-44AA-479F-80FB-EF67D64F4F3A}.Debug|x86.Build.0 = Debug|Any CPU
		{4D2348EA-44AA-479F-80FB-EF67D64F4F3A}.Release|Any CPU.ActiveCfg = Release|Any CPU
		{4D2348EA-44AA-479F-80FB-EF67D64F4F3A}.Release|Any CPU.Build.0 = Release|Any CPU
		{4D2348EA-44AA-479F-80FB-EF67D64F4F3A}.Release|ARM.ActiveCfg = Release|Any CPU
		{4D2348EA-44AA-479F-80FB-EF67D64F4F3A}.Release|ARM.Build.0 = Release|Any CPU
		{4D2348EA-44AA-479F-80FB-EF67D64F4F3A}.Release|iPhone.ActiveCfg = Release|Any CPU
		{4D2348EA-44AA-479F-80FB-EF67D64F4F3A}.Release|iPhone.Build.0 = Release|Any CPU
		{4D2348EA-44AA-479F-80FB-EF67D64F4F3A}.Release|iPhoneSimulator.ActiveCfg = Release|Any CPU
		{4D2348EA-44AA-479F-80FB-EF67D64F4F3A}.Release|iPhoneSimulator.Build.0 = Release|Any CPU
		{4D2348EA-44AA-479F-80FB-EF67D64F4F3A}.Release|x64.ActiveCfg = Release|Any CPU
		{4D2348EA-44AA-479F-80FB-EF67D64F4F3A}.Release|x64.Build.0 = Release|Any CPU
		{4D2348EA-44AA-479F-80FB-EF67D64F4F3A}.Release|x86.ActiveCfg = Release|Any CPU
		{4D2348EA-44AA-479F-80FB-EF67D64F4F3A}.Release|x86.Build.0 = Release|Any CPU
		{0A7800A3-784F-4822-8956-7BAC2C4D194E}.AppStore|Any CPU.ActiveCfg = Release|Any CPU
		{0A7800A3-784F-4822-8956-7BAC2C4D194E}.AppStore|Any CPU.Build.0 = Release|Any CPU
		{0A7800A3-784F-4822-8956-7BAC2C4D194E}.AppStore|Any CPU.Deploy.0 = Release|Any CPU
		{0A7800A3-784F-4822-8956-7BAC2C4D194E}.AppStore|ARM.ActiveCfg = Release|ARM
		{0A7800A3-784F-4822-8956-7BAC2C4D194E}.AppStore|ARM.Build.0 = Release|ARM
		{0A7800A3-784F-4822-8956-7BAC2C4D194E}.AppStore|ARM.Deploy.0 = Release|ARM
		{0A7800A3-784F-4822-8956-7BAC2C4D194E}.AppStore|iPhone.ActiveCfg = Release|Any CPU
		{0A7800A3-784F-4822-8956-7BAC2C4D194E}.AppStore|iPhone.Build.0 = Release|Any CPU
		{0A7800A3-784F-4822-8956-7BAC2C4D194E}.AppStore|iPhone.Deploy.0 = Release|Any CPU
		{0A7800A3-784F-4822-8956-7BAC2C4D194E}.AppStore|iPhoneSimulator.ActiveCfg = Release|Any CPU
		{0A7800A3-784F-4822-8956-7BAC2C4D194E}.AppStore|iPhoneSimulator.Build.0 = Release|Any CPU
		{0A7800A3-784F-4822-8956-7BAC2C4D194E}.AppStore|iPhoneSimulator.Deploy.0 = Release|Any CPU
		{0A7800A3-784F-4822-8956-7BAC2C4D194E}.AppStore|x64.ActiveCfg = Release|x64
		{0A7800A3-784F-4822-8956-7BAC2C4D194E}.AppStore|x64.Build.0 = Release|x64
		{0A7800A3-784F-4822-8956-7BAC2C4D194E}.AppStore|x64.Deploy.0 = Release|x64
		{0A7800A3-784F-4822-8956-7BAC2C4D194E}.AppStore|x86.ActiveCfg = Release|x86
		{0A7800A3-784F-4822-8956-7BAC2C4D194E}.AppStore|x86.Build.0 = Release|x86
		{0A7800A3-784F-4822-8956-7BAC2C4D194E}.AppStore|x86.Deploy.0 = Release|x86
		{0A7800A3-784F-4822-8956-7BAC2C4D194E}.Debug|Any CPU.ActiveCfg = Debug|x86
		{0A7800A3-784F-4822-8956-7BAC2C4D194E}.Debug|Any CPU.Build.0 = Debug|x86
		{0A7800A3-784F-4822-8956-7BAC2C4D194E}.Debug|Any CPU.Deploy.0 = Debug|x86
		{0A7800A3-784F-4822-8956-7BAC2C4D194E}.Debug|ARM.ActiveCfg = Debug|ARM
		{0A7800A3-784F-4822-8956-7BAC2C4D194E}.Debug|ARM.Build.0 = Debug|ARM
		{0A7800A3-784F-4822-8956-7BAC2C4D194E}.Debug|ARM.Deploy.0 = Debug|ARM
		{0A7800A3-784F-4822-8956-7BAC2C4D194E}.Debug|iPhone.ActiveCfg = Debug|x86
		{0A7800A3-784F-4822-8956-7BAC2C4D194E}.Debug|iPhoneSimulator.ActiveCfg = Debug|x86
		{0A7800A3-784F-4822-8956-7BAC2C4D194E}.Debug|x64.ActiveCfg = Debug|x64
		{0A7800A3-784F-4822-8956-7BAC2C4D194E}.Debug|x64.Build.0 = Debug|x64
		{0A7800A3-784F-4822-8956-7BAC2C4D194E}.Debug|x64.Deploy.0 = Debug|x64
		{0A7800A3-784F-4822-8956-7BAC2C4D194E}.Debug|x86.ActiveCfg = Debug|x86
		{0A7800A3-784F-4822-8956-7BAC2C4D194E}.Debug|x86.Build.0 = Debug|x86
		{0A7800A3-784F-4822-8956-7BAC2C4D194E}.Debug|x86.Deploy.0 = Debug|x86
		{0A7800A3-784F-4822-8956-7BAC2C4D194E}.Release|Any CPU.ActiveCfg = Release|Any CPU
		{0A7800A3-784F-4822-8956-7BAC2C4D194E}.Release|Any CPU.Build.0 = Release|Any CPU
		{0A7800A3-784F-4822-8956-7BAC2C4D194E}.Release|Any CPU.Deploy.0 = Release|Any CPU
		{0A7800A3-784F-4822-8956-7BAC2C4D194E}.Release|ARM.ActiveCfg = Release|ARM
		{0A7800A3-784F-4822-8956-7BAC2C4D194E}.Release|ARM.Build.0 = Release|ARM
		{0A7800A3-784F-4822-8956-7BAC2C4D194E}.Release|ARM.Deploy.0 = Release|ARM
		{0A7800A3-784F-4822-8956-7BAC2C4D194E}.Release|iPhone.ActiveCfg = Release|Any CPU
		{0A7800A3-784F-4822-8956-7BAC2C4D194E}.Release|iPhone.Build.0 = Release|Any CPU
		{0A7800A3-784F-4822-8956-7BAC2C4D194E}.Release|iPhone.Deploy.0 = Release|Any CPU
		{0A7800A3-784F-4822-8956-7BAC2C4D194E}.Release|iPhoneSimulator.ActiveCfg = Release|Any CPU
		{0A7800A3-784F-4822-8956-7BAC2C4D194E}.Release|iPhoneSimulator.Build.0 = Release|Any CPU
		{0A7800A3-784F-4822-8956-7BAC2C4D194E}.Release|iPhoneSimulator.Deploy.0 = Release|Any CPU
		{0A7800A3-784F-4822-8956-7BAC2C4D194E}.Release|x64.ActiveCfg = Release|x64
		{0A7800A3-784F-4822-8956-7BAC2C4D194E}.Release|x64.Build.0 = Release|x64
		{0A7800A3-784F-4822-8956-7BAC2C4D194E}.Release|x64.Deploy.0 = Release|x64
		{0A7800A3-784F-4822-8956-7BAC2C4D194E}.Release|x86.ActiveCfg = Release|x86
		{0A7800A3-784F-4822-8956-7BAC2C4D194E}.Release|x86.Build.0 = Release|x86
		{0A7800A3-784F-4822-8956-7BAC2C4D194E}.Release|x86.Deploy.0 = Release|x86
		{6B0A711C-8401-4240-BA08-A8198EFC271E}.AppStore|Any CPU.ActiveCfg = Release|Any CPU
		{6B0A711C-8401-4240-BA08-A8198EFC271E}.AppStore|Any CPU.Build.0 = Release|Any CPU
		{6B0A711C-8401-4240-BA08-A8198EFC271E}.AppStore|Any CPU.Deploy.0 = Release|Any CPU
		{6B0A711C-8401-4240-BA08-A8198EFC271E}.AppStore|ARM.ActiveCfg = Release|ARM
		{6B0A711C-8401-4240-BA08-A8198EFC271E}.AppStore|ARM.Build.0 = Release|ARM
		{6B0A711C-8401-4240-BA08-A8198EFC271E}.AppStore|ARM.Deploy.0 = Release|ARM
		{6B0A711C-8401-4240-BA08-A8198EFC271E}.AppStore|iPhone.ActiveCfg = Release|Any CPU
		{6B0A711C-8401-4240-BA08-A8198EFC271E}.AppStore|iPhone.Build.0 = Release|Any CPU
		{6B0A711C-8401-4240-BA08-A8198EFC271E}.AppStore|iPhone.Deploy.0 = Release|Any CPU
		{6B0A711C-8401-4240-BA08-A8198EFC271E}.AppStore|iPhoneSimulator.ActiveCfg = Release|Any CPU
		{6B0A711C-8401-4240-BA08-A8198EFC271E}.AppStore|iPhoneSimulator.Build.0 = Release|Any CPU
		{6B0A711C-8401-4240-BA08-A8198EFC271E}.AppStore|iPhoneSimulator.Deploy.0 = Release|Any CPU
		{6B0A711C-8401-4240-BA08-A8198EFC271E}.AppStore|x64.ActiveCfg = Release|Any CPU
		{6B0A711C-8401-4240-BA08-A8198EFC271E}.AppStore|x64.Build.0 = Release|Any CPU
		{6B0A711C-8401-4240-BA08-A8198EFC271E}.AppStore|x64.Deploy.0 = Release|Any CPU
		{6B0A711C-8401-4240-BA08-A8198EFC271E}.AppStore|x86.ActiveCfg = Release|x86
		{6B0A711C-8401-4240-BA08-A8198EFC271E}.AppStore|x86.Build.0 = Release|x86
		{6B0A711C-8401-4240-BA08-A8198EFC271E}.AppStore|x86.Deploy.0 = Release|x86
		{6B0A711C-8401-4240-BA08-A8198EFC271E}.Debug|Any CPU.ActiveCfg = Debug|x86
		{6B0A711C-8401-4240-BA08-A8198EFC271E}.Debug|Any CPU.Build.0 = Debug|x86
		{6B0A711C-8401-4240-BA08-A8198EFC271E}.Debug|Any CPU.Deploy.0 = Debug|x86
		{6B0A711C-8401-4240-BA08-A8198EFC271E}.Debug|ARM.ActiveCfg = Debug|ARM
		{6B0A711C-8401-4240-BA08-A8198EFC271E}.Debug|ARM.Build.0 = Debug|ARM
		{6B0A711C-8401-4240-BA08-A8198EFC271E}.Debug|ARM.Deploy.0 = Debug|ARM
		{6B0A711C-8401-4240-BA08-A8198EFC271E}.Debug|iPhone.ActiveCfg = Debug|x86
		{6B0A711C-8401-4240-BA08-A8198EFC271E}.Debug|iPhoneSimulator.ActiveCfg = Debug|x86
		{6B0A711C-8401-4240-BA08-A8198EFC271E}.Debug|x64.ActiveCfg = Debug|Any CPU
		{6B0A711C-8401-4240-BA08-A8198EFC271E}.Debug|x64.Build.0 = Debug|Any CPU
		{6B0A711C-8401-4240-BA08-A8198EFC271E}.Debug|x64.Deploy.0 = Debug|Any CPU
		{6B0A711C-8401-4240-BA08-A8198EFC271E}.Debug|x86.ActiveCfg = Debug|x86
		{6B0A711C-8401-4240-BA08-A8198EFC271E}.Debug|x86.Build.0 = Debug|x86
		{6B0A711C-8401-4240-BA08-A8198EFC271E}.Debug|x86.Deploy.0 = Debug|x86
		{6B0A711C-8401-4240-BA08-A8198EFC271E}.Release|Any CPU.ActiveCfg = Release|Any CPU
		{6B0A711C-8401-4240-BA08-A8198EFC271E}.Release|Any CPU.Build.0 = Release|Any CPU
		{6B0A711C-8401-4240-BA08-A8198EFC271E}.Release|Any CPU.Deploy.0 = Release|Any CPU
		{6B0A711C-8401-4240-BA08-A8198EFC271E}.Release|ARM.ActiveCfg = Release|ARM
		{6B0A711C-8401-4240-BA08-A8198EFC271E}.Release|ARM.Build.0 = Release|ARM
		{6B0A711C-8401-4240-BA08-A8198EFC271E}.Release|ARM.Deploy.0 = Release|ARM
		{6B0A711C-8401-4240-BA08-A8198EFC271E}.Release|iPhone.ActiveCfg = Release|Any CPU
		{6B0A711C-8401-4240-BA08-A8198EFC271E}.Release|iPhone.Build.0 = Release|Any CPU
		{6B0A711C-8401-4240-BA08-A8198EFC271E}.Release|iPhone.Deploy.0 = Release|Any CPU
		{6B0A711C-8401-4240-BA08-A8198EFC271E}.Release|iPhoneSimulator.ActiveCfg = Release|Any CPU
		{6B0A711C-8401-4240-BA08-A8198EFC271E}.Release|iPhoneSimulator.Build.0 = Release|Any CPU
		{6B0A711C-8401-4240-BA08-A8198EFC271E}.Release|iPhoneSimulator.Deploy.0 = Release|Any CPU
		{6B0A711C-8401-4240-BA08-A8198EFC271E}.Release|x64.ActiveCfg = Release|Any CPU
		{6B0A711C-8401-4240-BA08-A8198EFC271E}.Release|x64.Build.0 = Release|Any CPU
		{6B0A711C-8401-4240-BA08-A8198EFC271E}.Release|x64.Deploy.0 = Release|Any CPU
		{6B0A711C-8401-4240-BA08-A8198EFC271E}.Release|x86.ActiveCfg = Release|x86
		{6B0A711C-8401-4240-BA08-A8198EFC271E}.Release|x86.Build.0 = Release|x86
		{6B0A711C-8401-4240-BA08-A8198EFC271E}.Release|x86.Deploy.0 = Release|x86
		{68D82A27-F8EA-4550-9AC7-766CC4CA164E}.AppStore|Any CPU.ActiveCfg = Debug|Any CPU
		{68D82A27-F8EA-4550-9AC7-766CC4CA164E}.AppStore|Any CPU.Build.0 = Debug|Any CPU
		{68D82A27-F8EA-4550-9AC7-766CC4CA164E}.AppStore|ARM.ActiveCfg = Debug|Any CPU
		{68D82A27-F8EA-4550-9AC7-766CC4CA164E}.AppStore|ARM.Build.0 = Debug|Any CPU
		{68D82A27-F8EA-4550-9AC7-766CC4CA164E}.AppStore|iPhone.ActiveCfg = Debug|Any CPU
		{68D82A27-F8EA-4550-9AC7-766CC4CA164E}.AppStore|iPhone.Build.0 = Debug|Any CPU
		{68D82A27-F8EA-4550-9AC7-766CC4CA164E}.AppStore|iPhoneSimulator.ActiveCfg = Debug|Any CPU
		{68D82A27-F8EA-4550-9AC7-766CC4CA164E}.AppStore|iPhoneSimulator.Build.0 = Debug|Any CPU
		{68D82A27-F8EA-4550-9AC7-766CC4CA164E}.AppStore|x64.ActiveCfg = Debug|Any CPU
		{68D82A27-F8EA-4550-9AC7-766CC4CA164E}.AppStore|x64.Build.0 = Debug|Any CPU
		{68D82A27-F8EA-4550-9AC7-766CC4CA164E}.AppStore|x86.ActiveCfg = Debug|Any CPU
		{68D82A27-F8EA-4550-9AC7-766CC4CA164E}.AppStore|x86.Build.0 = Debug|Any CPU
		{68D82A27-F8EA-4550-9AC7-766CC4CA164E}.Debug|Any CPU.ActiveCfg = Debug|Any CPU
		{68D82A27-F8EA-4550-9AC7-766CC4CA164E}.Debug|Any CPU.Build.0 = Debug|Any CPU
		{68D82A27-F8EA-4550-9AC7-766CC4CA164E}.Debug|ARM.ActiveCfg = Debug|Any CPU
		{68D82A27-F8EA-4550-9AC7-766CC4CA164E}.Debug|ARM.Build.0 = Debug|Any CPU
		{68D82A27-F8EA-4550-9AC7-766CC4CA164E}.Debug|iPhone.ActiveCfg = Debug|Any CPU
		{68D82A27-F8EA-4550-9AC7-766CC4CA164E}.Debug|iPhone.Build.0 = Debug|Any CPU
		{68D82A27-F8EA-4550-9AC7-766CC4CA164E}.Debug|iPhoneSimulator.ActiveCfg = Debug|Any CPU
		{68D82A27-F8EA-4550-9AC7-766CC4CA164E}.Debug|iPhoneSimulator.Build.0 = Debug|Any CPU
		{68D82A27-F8EA-4550-9AC7-766CC4CA164E}.Debug|x64.ActiveCfg = Debug|Any CPU
		{68D82A27-F8EA-4550-9AC7-766CC4CA164E}.Debug|x64.Build.0 = Debug|Any CPU
		{68D82A27-F8EA-4550-9AC7-766CC4CA164E}.Debug|x86.ActiveCfg = Debug|Any CPU
		{68D82A27-F8EA-4550-9AC7-766CC4CA164E}.Debug|x86.Build.0 = Debug|Any CPU
		{68D82A27-F8EA-4550-9AC7-766CC4CA164E}.Release|Any CPU.ActiveCfg = Release|Any CPU
		{68D82A27-F8EA-4550-9AC7-766CC4CA164E}.Release|Any CPU.Build.0 = Release|Any CPU
		{68D82A27-F8EA-4550-9AC7-766CC4CA164E}.Release|ARM.ActiveCfg = Release|Any CPU
		{68D82A27-F8EA-4550-9AC7-766CC4CA164E}.Release|ARM.Build.0 = Release|Any CPU
		{68D82A27-F8EA-4550-9AC7-766CC4CA164E}.Release|iPhone.ActiveCfg = Release|Any CPU
		{68D82A27-F8EA-4550-9AC7-766CC4CA164E}.Release|iPhone.Build.0 = Release|Any CPU
		{68D82A27-F8EA-4550-9AC7-766CC4CA164E}.Release|iPhoneSimulator.ActiveCfg = Release|Any CPU
		{68D82A27-F8EA-4550-9AC7-766CC4CA164E}.Release|iPhoneSimulator.Build.0 = Release|Any CPU
		{68D82A27-F8EA-4550-9AC7-766CC4CA164E}.Release|x64.ActiveCfg = Release|Any CPU
		{68D82A27-F8EA-4550-9AC7-766CC4CA164E}.Release|x64.Build.0 = Release|Any CPU
		{68D82A27-F8EA-4550-9AC7-766CC4CA164E}.Release|x86.ActiveCfg = Release|Any CPU
		{68D82A27-F8EA-4550-9AC7-766CC4CA164E}.Release|x86.Build.0 = Release|Any CPU
	EndGlobalSection
	GlobalSection(SolutionProperties) = preSolution
		HideSolutionNode = FALSE
	EndGlobalSection
EndGlobal
